
Microsoft Visual Studio Solution File, Format Version 12.00
# Visual Studio Version 16
VisualStudioVersion = 16.0.31205.134
MinimumVisualStudioVersion = 10.0.40219.1
Project("{FAE04EC0-301F-11D3-BF4B-00C04F79EFBC}") = "DemoWebApp", "DemoWebApp\DemoWebApp.csproj", "{4FA7426F-66F6-4744-B8C3-A839046394A3}"
EndProject
Project("{FAE04EC0-301F-11D3-BF4B-00C04F79EFBC}") = "DemoFunctionApp", "DemoFunctionApp\DemoFunctionApp.csproj", "{348BBC69-D5FC-436C-985C-6DD7B142D56A}"
EndProject
Global
	GlobalSection(SolutionConfigurationPlatforms) = preSolution
		Debug|Any CPU = Debug|Any CPU
		Release|Any CPU = Release|Any CPU
	EndGlobalSection
	GlobalSection(ProjectConfigurationPlatforms) = postSolution
		{4FA7426F-66F6-4744-B8C3-A839046394A3}.Debug|Any CPU.ActiveCfg = Debug|Any CPU
		{4FA7426F-66F6-4744-B8C3-A839046394A3}.Debug|Any CPU.Build.0 = Debug|Any CPU
		{4FA7426F-66F6-4744-B8C3-A839046394A3}.Release|Any CPU.ActiveCfg = Release|Any CPU
		{4FA7426F-66F6-4744-B8C3-A839046394A3}.Release|Any CPU.Build.0 = Release|Any CPU
		{348BBC69-D5FC-436C-985C-6DD7B142D56A}.Debug|Any CPU.ActiveCfg = Debug|Any CPU
		{348BBC69-D5FC-436C-985C-6DD7B142D56A}.Debug|Any CPU.Build.0 = Debug|Any CPU
		{348BBC69-D5FC-436C-985C-6DD7B142D56A}.Release|Any CPU.ActiveCfg = Release|Any CPU
		{348BBC69-D5FC-436C-985C-6DD7B142D56A}.Release|Any CPU.Build.0 = Release|Any CPU
	EndGlobalSection
	GlobalSection(SolutionProperties) = preSolution
		HideSolutionNode = FALSE
	EndGlobalSection
	GlobalSection(ExtensibilityGlobals) = postSolution
		SolutionGuid = {868C2A91-66DB-4B50-B84C-54E02C4CCB7C}
	EndGlobalSection
EndGlobal
